[[package]]
category = "main"
description = "Asyncio support for PEP-567 contextvars backport."
marker = "python_version < \"3.7\""
name = "aiocontextvars"
optional = false
python-versions = ">=3.5"
version = "0.2.2"

[package.dependencies]
[package.dependencies.contextvars]
python = "<3.7"
version = "2.4"

[[package]]
category = "dev"
description = "Python graph (network) package"
name = "altgraph"
optional = false
python-versions = "*"
version = "0.17"

[[package]]
category = "dev"
description = "A small Python module for determining appropriate platform-specific dirs, e.g. a \"user data dir\"."
marker = "python_version >= \"3.6\" and python_version < \"4.0\""
name = "appdirs"
optional = false
python-versions = "*"
version = "1.4.4"

[[package]]
category = "dev"
description = "Atomic file writes."
marker = "sys_platform == \"win32\""
name = "atomicwrites"
optional = false
python-versions = ">=2.7, !=3.0.*, !=3.1.*, !=3.2.*, !=3.3.*"
version = "1.4.0"

[[package]]
category = "dev"
description = "Classes Without Boilerplate"
name = "attrs"
optional = false
python-versions = ">=2.7, !=3.0.*, !=3.1.*, !=3.2.*, !=3.3.*"
version = "19.3.0"

[package.extras]
azure-pipelines = ["coverage", "hypothesis", "pympler", "pytest (>=4.3.0)", "six", "zope.interface", "pytest-azurepipelines"]
dev = ["coverage", "hypothesis", "pympler", "pytest (>=4.3.0)", "six", "zope.interface", "sphinx", "pre-commit"]
docs = ["sphinx", "zope.interface"]
tests = ["coverage", "hypothesis", "pympler", "pytest (>=4.3.0)", "six", "zope.interface"]

[[package]]
category = "dev"
description = "The uncompromising code formatter."
marker = "python_version >= \"3.6\" and python_version < \"4.0\""
name = "black"
optional = false
python-versions = ">=3.6"
version = "19.10b0"

[package.dependencies]
appdirs = "*"
attrs = ">=18.1.0"
click = ">=6.5"
pathspec = ">=0.6,<1"
regex = "*"
toml = ">=0.9.4"
typed-ast = ">=1.4.0"

[package.extras]
d = ["aiohttp (>=3.3.2)", "aiohttp-cors"]

[[package]]
category = "main"
description = "Python package for providing Mozilla's CA Bundle."
name = "certifi"
optional = false
python-versions = "*"
version = "2020.4.5.1"

[[package]]
category = "main"
description = "Universal encoding detector for Python 2 and 3"
name = "chardet"
optional = false
python-versions = "*"
version = "3.0.4"

[[package]]
category = "main"
description = "Composable command line interface toolkit"
name = "click"
optional = false
python-versions = ">=2.7, !=3.0.*, !=3.1.*, !=3.2.*, !=3.3.*, !=3.4.*"
version = "7.1.2"

[[package]]
category = "main"
description = "Extends click.Group to invoke a command without explicit subcommand name"
name = "click-default-group"
optional = false
python-versions = "*"
version = "1.2.2"

[package.dependencies]
click = "*"

[[package]]
category = "main"
description = "Cross-platform colored terminal text."
name = "colorama"
optional = false
python-versions = ">=2.7, !=3.0.*, !=3.1.*, !=3.2.*, !=3.3.*, !=3.4.*"
version = "0.4.3"

[[package]]
category = "main"
description = "PEP 567 Backport"
marker = "python_version < \"3.7\""
name = "contextvars"
optional = false
python-versions = "*"
version = "2.4"

[package.dependencies]
immutables = ">=0.9"

[[package]]
category = "dev"
description = "Python 2.7 backport of the \"dis\" module from Python 3.5+"
name = "dis3"
optional = false
python-versions = "*"
version = "0.1.3"

[[package]]
category = "dev"
description = "Clean single-source support for Python 3 and 2"
marker = "sys_platform == \"win32\""
name = "future"
optional = false
python-versions = ">=2.6, !=3.0.*, !=3.1.*, !=3.2.*"
version = "0.18.2"

[[package]]
category = "main"
description = "Internationalized Domain Names in Applications (IDNA)"
name = "idna"
optional = false
python-versions = ">=2.7, !=3.0.*, !=3.1.*, !=3.2.*, !=3.3.*"
version = "2.9"

[[package]]
category = "main"
description = "FFMPEG wrapper for Python"
name = "imageio-ffmpeg"
optional = false
python-versions = ">=3.4"
version = "0.4.2"

[[package]]
category = "main"
description = "Immutable Collections"
marker = "python_version < \"3.7\""
name = "immutables"
optional = false
python-versions = ">=3.5"
version = "0.14"

[[package]]
category = "dev"
description = "Read metadata from Python packages"
marker = "python_version < \"3.8\""
name = "importlib-metadata"
optional = false
python-versions = "!=3.0.*,!=3.1.*,!=3.2.*,!=3.3.*,!=3.4.*,>=2.7"
version = "1.6.0"

[package.dependencies]
zipp = ">=0.5"

[package.extras]
docs = ["sphinx", "rst.linker"]
testing = ["packaging", "importlib-resources"]

[[package]]
category = "main"
description = "ISCC: Reference Implementation"
name = "iscc"
optional = false
python-versions = ">=3.5,<4.0"
version = "1.0.5"

[package.dependencies]
Pillow = ">=6,<7"
xxhash = ">=1,<2"

[[package]]
category = "main"
description = "Python logging made (stupidly) simple"
name = "loguru"
optional = false
python-versions = ">=3.5"
version = "0.4.1"

[package.dependencies]
colorama = ">=0.3.4"
win32-setctime = ">=1.0.0"

[package.dependencies.aiocontextvars]
python = "<3.7"
version = ">=0.2.0"

[package.extras]
dev = ["codecov (>=2.0.15)", "colorama (>=0.3.4)", "flake8 (>=3.7.7)", "isort (>=4.3.20)", "tox (>=3.9.0)", "tox-travis (>=0.12)", "pytest (>=4.6.2)", "pytest-cov (>=2.7.1)", "Sphinx (>=2.2.1)", "sphinx-autobuild (>=0.7.1)", "sphinx-rtd-theme (>=0.4.3)", "black (>=19.3b0)"]

[[package]]
category = "main"
description = "Powerful and Pythonic XML processing library combining libxml2/libxslt with the ElementTree API."
name = "lxml"
optional = false
python-versions = ">=2.7, !=3.0.*, !=3.1.*, !=3.2.*, !=3.3.*, != 3.4.*"
version = "4.5.0"

[package.extras]
cssselect = ["cssselect (>=0.7)"]
html5 = ["html5lib"]
htmlsoup = ["beautifulsoup4"]
source = ["Cython (>=0.29.7)"]

[[package]]
category = "main"
description = "unpack unencrypted mobi files"
name = "mobi"
optional = false
python-versions = ">=3.6,<4.0"
version = "0.3.0"

[package.dependencies]
loguru = ">=0.4,<0.5"

[[package]]
category = "dev"
description = "More routines for operating on iterables, beyond itertools"
name = "more-itertools"
optional = false
python-versions = ">=3.5"
version = "8.3.0"

[[package]]
category = "dev"
description = "Core utilities for Python packages"
name = "packaging"
optional = false
python-versions = ">=2.7, !=3.0.*, !=3.1.*, !=3.2.*, !=3.3.*"
version = "20.4"

[package.dependencies]
pyparsing = ">=2.0.2"
six = "*"

[[package]]
category = "dev"
description = "Utility library for gitignore style pattern matching of file paths."
marker = "python_version >= \"3.6\" and python_version < \"4.0\""
name = "pathspec"
optional = false
python-versions = ">=2.7, !=3.0.*, !=3.1.*, !=3.2.*, !=3.3.*, !=3.4.*"
version = "0.8.0"

[[package]]
category = "dev"
description = "Python PE parsing module"
marker = "sys_platform == \"win32\""
name = "pefile"
optional = false
python-versions = "*"
version = "2019.4.18"

[package.dependencies]
future = "*"

[[package]]
category = "main"
description = "Python Imaging Library (Fork)"
name = "pillow"
optional = false
python-versions = ">=2.7, !=3.0.*, !=3.1.*, !=3.2.*, !=3.3.*, !=3.4.*"
version = "6.2.2"

[[package]]
category = "dev"
description = "plugin and hook calling mechanisms for python"
name = "pluggy"
optional = false
python-versions = ">=2.7, !=3.0.*, !=3.1.*, !=3.2.*, !=3.3.*"
version = "0.13.1"

[package.dependencies]
[package.dependencies.importlib-metadata]
python = "<3.8"
version = ">=0.12"

[package.extras]
dev = ["pre-commit", "tox"]

[[package]]
category = "dev"
description = "library with cross-python path, ini-parsing, io, code, log facilities"
name = "py"
optional = false
python-versions = ">=2.7, !=3.0.*, !=3.1.*, !=3.2.*, !=3.3.*"
version = "1.8.1"

[[package]]
category = "dev"
description = "PyInstaller bundles a Python application and all its dependencies into a single package."
name = "pyinstaller"
optional = false
python-versions = ">=2.7, !=3.0.*, !=3.1.*, !=3.2.*, !=3.3.*, !=3.4.*"
version = "3.6"

[package.dependencies]
altgraph = "*"
dis3 = "*"
setuptools = "*"

[[package]]
category = "dev"
description = "Python parsing module"
name = "pyparsing"
optional = false
python-versions = ">=2.6, !=3.0.*, !=3.1.*, !=3.2.*"
version = "2.4.7"

[[package]]
category = "dev"
description = "pytest: simple powerful testing with Python"
name = "pytest"
optional = false
python-versions = ">=3.5"
version = "5.4.2"

[package.dependencies]
atomicwrites = ">=1.0"
attrs = ">=17.4.0"
colorama = "*"
more-itertools = ">=4.0.0"
packaging = "*"
pluggy = ">=0.12,<1.0"
py = ">=1.5.0"
wcwidth = "*"

[package.dependencies.importlib-metadata]
python = "<3.8"
version = ">=0.12"

[package.extras]
checkqa-mypy = ["mypy (v0.761)"]
testing = ["argcomplete", "hypothesis (>=3.56)", "mock", "nose", "requests", "xmlschema"]

[[package]]
category = "dev"
description = "pytest plugin to run your tests in a specific order"
name = "pytest-ordering"
optional = false
python-versions = "*"
version = "0.6"

[package.dependencies]
pytest = "*"

[[package]]
category = "main"
description = "A pythonic library for downloading YouTube Videos."
name = "pytube"
optional = false
python-versions = "*"
version = "9.5.3"

[[package]]
category = "dev"
description = ""
marker = "sys_platform == \"win32\""
name = "pywin32-ctypes"
optional = false
python-versions = "*"
version = "0.2.0"

[[package]]
category = "dev"
description = "Alternative regular expression module, to replace re."
marker = "python_version >= \"3.6\" and python_version < \"4.0\""
name = "regex"
optional = false
python-versions = "*"
version = "2020.5.14"

[[package]]
category = "main"
description = "Python HTTP for Humans."
name = "requests"
optional = false
python-versions = ">=2.7, !=3.0.*, !=3.1.*, !=3.2.*, !=3.3.*, !=3.4.*"
version = "2.23.0"

[package.dependencies]
certifi = ">=2017.4.17"
chardet = ">=3.0.2,<4"
idna = ">=2.5,<3"
urllib3 = ">=1.21.1,<1.25.0 || >1.25.0,<1.25.1 || >1.25.1,<1.26"

[package.extras]
security = ["pyOpenSSL (>=0.14)", "cryptography (>=1.3.4)"]
socks = ["PySocks (>=1.5.6,<1.5.7 || >1.5.7)", "win-inet-pton"]

[[package]]
category = "dev"
description = "Python 2 and 3 compatibility utilities"
name = "six"
optional = false
python-versions = ">=2.7, !=3.0.*, !=3.1.*, !=3.2.*"
version = "1.14.0"

[[package]]
category = "dev"
description = "Python Library for Tom's Obvious, Minimal Language"
marker = "python_version >= \"3.6\" and python_version < \"4.0\""
name = "toml"
optional = false
python-versions = "*"
version = "0.10.1"

[[package]]
category = "dev"
description = "a fork of Python 2 and 3 ast modules with type comment support"
marker = "python_version >= \"3.6\" and python_version < \"4.0\""
name = "typed-ast"
optional = false
python-versions = "*"
version = "1.4.1"

[[package]]
category = "main"
description = "HTTP library with thread-safe connection pooling, file post, and more."
name = "urllib3"
optional = false
python-versions = ">=2.7, !=3.0.*, !=3.1.*, !=3.2.*, !=3.3.*, !=3.4.*, <4"
version = "1.25.9"

[package.extras]
brotli = ["brotlipy (>=0.6.0)"]
secure = ["certifi", "cryptography (>=1.3.4)", "idna (>=2.0.0)", "pyOpenSSL (>=0.14)", "ipaddress"]
socks = ["PySocks (>=1.5.6,<1.5.7 || >1.5.7,<2.0)"]

[[package]]
category = "dev"
description = "Measures number of Terminal column cells of wide-character codes"
name = "wcwidth"
optional = false
python-versions = "*"
version = "0.1.9"

[[package]]
category = "main"
description = "A small Python utility to set file creation time on Windows"
marker = "sys_platform == \"win32\""
name = "win32-setctime"
optional = false
python-versions = ">=3.5"
version = "1.0.1"

[package.extras]
dev = ["pytest (>=4.6.2)", "black (>=19.3b0)"]

[[package]]
category = "main"
description = "Python binding for xxHash"
name = "xxhash"
optional = false
python-versions = ">=2.6, !=3.0.*, !=3.1.*, !=3.2.*"
version = "1.4.3"

[[package]]
category = "dev"
description = "Backport of pathlib-compatible object wrapper for zip files"
marker = "python_version < \"3.8\""
name = "zipp"
optional = false
python-versions = ">=3.6"
version = "3.1.0"

[package.extras]
docs = ["sphinx", "jaraco.packaging (>=3.2)", "rst.linker (>=1.9)"]
testing = ["jaraco.itertools", "func-timeout"]

[metadata]
content-hash = "dfaf30bea63fccd8f90999048c2fc2f175b84a7913947990a25e9f770d8092aa"
python-versions = "^3.6"

[metadata.files]
aiocontextvars = [
    {file = "aiocontextvars-0.2.2-py2.py3-none-any.whl", hash = "sha256:885daf8261818767d8f7cbd79f9d4482d118f024b6586ef6e67980236a27bfa3"},
    {file = "aiocontextvars-0.2.2.tar.gz", hash = "sha256:f027372dc48641f683c559f247bd84962becaacdc9ba711d583c3871fb5652aa"},
]
altgraph = [
    {file = "altgraph-0.17-py2.py3-none-any.whl", hash = "sha256:c623e5f3408ca61d4016f23a681b9adb100802ca3e3da5e718915a9e4052cebe"},
    {file = "altgraph-0.17.tar.gz", hash = "sha256:1f05a47122542f97028caf78775a095fbe6a2699b5089de8477eb583167d69aa"},
]
appdirs = [
    {file = "appdirs-1.4.4-py2.py3-none-any.whl", hash = "sha256:a841dacd6b99318a741b166adb07e19ee71a274450e68237b4650ca1055ab128"},
    {file = "appdirs-1.4.4.tar.gz", hash = "sha256:7d5d0167b2b1ba821647616af46a749d1c653740dd0d2415100fe26e27afdf41"},
]
atomicwrites = [
    {file = "atomicwrites-1.4.0-py2.py3-none-any.whl", hash = "sha256:6d1784dea7c0c8d4a5172b6c620f40b6e4cbfdf96d783691f2e1302a7b88e197"},
    {file = "atomicwrites-1.4.0.tar.gz", hash = "sha256:ae70396ad1a434f9c7046fd2dd196fc04b12f9e91ffb859164193be8b6168a7a"},
]
attrs = [
    {file = "attrs-19.3.0-py2.py3-none-any.whl", hash = "sha256:08a96c641c3a74e44eb59afb61a24f2cb9f4d7188748e76ba4bb5edfa3cb7d1c"},
    {file = "attrs-19.3.0.tar.gz", hash = "sha256:f7b7ce16570fe9965acd6d30101a28f62fb4a7f9e926b3bbc9b61f8b04247e72"},
]
black = [
    {file = "black-19.10b0-py36-none-any.whl", hash = "sha256:1b30e59be925fafc1ee4565e5e08abef6b03fe455102883820fe5ee2e4734e0b"},
    {file = "black-19.10b0.tar.gz", hash = "sha256:c2edb73a08e9e0e6f65a0e6af18b059b8b1cdd5bef997d7a0b181df93dc81539"},
]
certifi = [
    {file = "certifi-2020.4.5.1-py2.py3-none-any.whl", hash = "sha256:1d987a998c75633c40847cc966fcf5904906c920a7f17ef374f5aa4282abd304"},
    {file = "certifi-2020.4.5.1.tar.gz", hash = "sha256:51fcb31174be6e6664c5f69e3e1691a2d72a1a12e90f872cbdb1567eb47b6519"},
]
chardet = [
    {file = "chardet-3.0.4-py2.py3-none-any.whl", hash = "sha256:fc323ffcaeaed0e0a02bf4d117757b98aed530d9ed4531e3e15460124c106691"},
    {file = "chardet-3.0.4.tar.gz", hash = "sha256:84ab92ed1c4d4f16916e05906b6b75a6c0fb5db821cc65e70cbd64a3e2a5eaae"},
]
click = [
    {file = "click-7.1.2-py2.py3-none-any.whl", hash = "sha256:dacca89f4bfadd5de3d7489b7c8a566eee0d3676333fbb50030263894c38c0dc"},
    {file = "click-7.1.2.tar.gz", hash = "sha256:d2b5255c7c6349bc1bd1e59e08cd12acbbd63ce649f2588755783aa94dfb6b1a"},
]
click-default-group = [
    {file = "click-default-group-1.2.2.tar.gz", hash = "sha256:d9560e8e8dfa44b3562fbc9425042a0fd6d21956fcc2db0077f63f34253ab904"},
]
colorama = [
    {file = "colorama-0.4.3-py2.py3-none-any.whl", hash = "sha256:7d73d2a99753107a36ac6b455ee49046802e59d9d076ef8e47b61499fa29afff"},
    {file = "colorama-0.4.3.tar.gz", hash = "sha256:e96da0d330793e2cb9485e9ddfd918d456036c7149416295932478192f4436a1"},
]
contextvars = [
    {file = "contextvars-2.4.tar.gz", hash = "sha256:f38c908aaa59c14335eeea12abea5f443646216c4e29380d7bf34d2018e2c39e"},
]
dis3 = [
    {file = "dis3-0.1.3-py2-none-any.whl", hash = "sha256:61f7720dd0d8749d23fda3d7227ce74d73da11c2fade993a67ab2f9852451b14"},
    {file = "dis3-0.1.3-py3-none-any.whl", hash = "sha256:30b6412d33d738663e8ded781b138f4b01116437f0872aa56aa3adba6aeff218"},
    {file = "dis3-0.1.3.tar.gz", hash = "sha256:9259b881fc1df02ed12ac25f82d4a85b44241854330b1a651e40e0c675cb2d1e"},
]
future = [
    {file = "future-0.18.2.tar.gz", hash = "sha256:b1bead90b70cf6ec3f0710ae53a525360fa360d306a86583adc6bf83a4db537d"},
]
idna = [
    {file = "idna-2.9-py2.py3-none-any.whl", hash = "sha256:a068a21ceac8a4d63dbfd964670474107f541babbd2250d61922f029858365fa"},
    {file = "idna-2.9.tar.gz", hash = "sha256:7588d1c14ae4c77d74036e8c22ff447b26d0fde8f007354fd48a7814db15b7cb"},
]
imageio-ffmpeg = [
    {file = "imageio-ffmpeg-0.4.2.tar.gz", hash = "sha256:13b05b17a941a9f4a90b16910b1ffac159448cff051a153da8ba4b4343ffa195"},
    {file = "imageio_ffmpeg-0.4.2-py3-none-macosx_10_9_intel.macosx_10_9_x86_64.macosx_10_10_intel.macosx_10_10_x86_64.whl", hash = "sha256:4aaa9cbd1e536143379ae474323d80f4c4a693fff0b023bab440ea5913db00ac"},
    {file = "imageio_ffmpeg-0.4.2-py3-none-manylinux2010_x86_64.whl", hash = "sha256:6ec658144ddfa0b25de5f82671729734a54cdf999ddd69a134999fe6a413f3e7"},
    {file = "imageio_ffmpeg-0.4.2-py3-none-win32.whl", hash = "sha256:596f9d1516972d9723c5bc6eb1849a29e3989a8cd20834b261a8c80fd9f8f6f5"},
    {file = "imageio_ffmpeg-0.4.2-py3-none-win_amd64.whl", hash = "sha256:8cd09469ae25d8a7083ee4033a43827aadacabebc47a87432222034d2c97e542"},
]
immutables = [
    {file = "immutables-0.14-cp35-cp35m-macosx_10_14_x86_64.whl", hash = "sha256:860666fab142401a5535bf65cbd607b46bc5ed25b9d1eb053ca8ed9a1a1a80d6"},
    {file = "immutables-0.14-cp35-cp35m-manylinux1_x86_64.whl", hash = "sha256:ce01788878827c3f0331c254a4ad8d9721489a5e65cc43e19c80040b46e0d297"},
    {file = "immutables-0.14-cp36-cp36m-macosx_10_14_x86_64.whl", hash = "sha256:8797eed4042f4626b0bc04d9cf134208918eb0c937a8193a2c66df5041e62d2e"},
    {file = "immutables-0.14-cp36-cp36m-manylinux1_x86_64.whl", hash = "sha256:33ce2f977da7b5e0dddd93744862404bdb316ffe5853ec853e53141508fa2e6a"},
    {file = "immutables-0.14-cp36-cp36m-win_amd64.whl", hash = "sha256:6c8eace4d98988c72bcb37c05e79aae756832738305ae9497670482a82db08bc"},
    {file = "immutables-0.14-cp37-cp37m-macosx_10_14_x86_64.whl", hash = "sha256:ab6c18b7b2b2abc83e0edc57b0a38bf0915b271582a1eb8c7bed1c20398f8040"},
    {file = "immutables-0.14-cp37-cp37m-manylinux1_x86_64.whl", hash = "sha256:c099212fd6504513a50e7369fe281007c820cf9d7bb22a336486c63d77d6f0b2"},
    {file = "immutables-0.14-cp37-cp37m-win_amd64.whl", hash = "sha256:714aedbdeba4439d91cb5e5735cb10631fc47a7a69ea9cc8ecbac90322d50a4a"},
    {file = "immutables-0.14-cp38-cp38-macosx_10_14_x86_64.whl", hash = "sha256:1c11050c49e193a1ec9dda1747285333f6ba6a30bbeb2929000b9b1192097ec0"},
    {file = "immutables-0.14-cp38-cp38-manylinux1_x86_64.whl", hash = "sha256:c453e12b95e1d6bb4909e8743f88b7f5c0c97b86a8bc0d73507091cb644e3c1e"},
    {file = "immutables-0.14-cp38-cp38-win_amd64.whl", hash = "sha256:ef9da20ec0f1c5853b5c8f8e3d9e1e15b8d98c259de4b7515d789a606af8745e"},
    {file = "immutables-0.14.tar.gz", hash = "sha256:a0a1cc238b678455145bae291d8426f732f5255537ed6a5b7645949704c70a78"},
]
importlib-metadata = [
    {file = "importlib_metadata-1.6.0-py2.py3-none-any.whl", hash = "sha256:2a688cbaa90e0cc587f1df48bdc97a6eadccdcd9c35fb3f976a09e3b5016d90f"},
    {file = "importlib_metadata-1.6.0.tar.gz", hash = "sha256:34513a8a0c4962bc66d35b359558fd8a5e10cd472d37aec5f66858addef32c1e"},
]
iscc = [
    {file = "iscc-1.0.5-py3-none-any.whl", hash = "sha256:4eebe023c38346a5eb59da2da6e6e2fe617404c0bd0de82241c26f04d1d763d8"},
    {file = "iscc-1.0.5.tar.gz", hash = "sha256:1fb987e400aec1f5031234d8cd4847e9436cf7a501205b1a8283e7b6abc4df50"},
]
loguru = [
    {file = "loguru-0.4.1-py3-none-any.whl", hash = "sha256:074b3caa6748452c1e4f2b302093c94b65d5a4c5a4d7743636b4121e06437b0e"},
    {file = "loguru-0.4.1.tar.gz", hash = "sha256:a6101fd435ac89ba5205a105a26a6ede9e4ddbb4408a6e167852efca47806d11"},
]
lxml = [
    {file = "lxml-4.5.0-cp27-cp27m-macosx_10_9_x86_64.whl", hash = "sha256:0701f7965903a1c3f6f09328c1278ac0eee8f56f244e66af79cb224b7ef3801c"},
    {file = "lxml-4.5.0-cp27-cp27m-manylinux1_i686.whl", hash = "sha256:06d4e0bbb1d62e38ae6118406d7cdb4693a3fa34ee3762238bcb96c9e36a93cd"},
    {file = "lxml-4.5.0-cp27-cp27m-manylinux1_x86_64.whl", hash = "sha256:5828c7f3e615f3975d48f40d4fe66e8a7b25f16b5e5705ffe1d22e43fb1f6261"},
    {file = "lxml-4.5.0-cp27-cp27m-win32.whl", hash = "sha256:afdb34b715daf814d1abea0317b6d672476b498472f1e5aacbadc34ebbc26e89"},
    {file = "lxml-4.5.0-cp27-cp27m-win_amd64.whl", hash = "sha256:585c0869f75577ac7a8ff38d08f7aac9033da2c41c11352ebf86a04652758b7a"},
    {file = "lxml-4.5.0-cp27-cp27mu-manylinux1_i686.whl", hash = "sha256:8a0ebda56ebca1a83eb2d1ac266649b80af8dd4b4a3502b2c1e09ac2f88fe128"},
    {file = "lxml-4.5.0-cp27-cp27mu-manylinux1_x86_64.whl", hash = "sha256:fe976a0f1ef09b3638778024ab9fb8cde3118f203364212c198f71341c0715ca"},
    {file = "lxml-4.5.0-cp35-cp35m-manylinux1_i686.whl", hash = "sha256:7bc1b221e7867f2e7ff1933165c0cec7153dce93d0cdba6554b42a8beb687bdb"},
    {file = "lxml-4.5.0-cp35-cp35m-manylinux1_x86_64.whl", hash = "sha256:d068f55bda3c2c3fcaec24bd083d9e2eede32c583faf084d6e4b9daaea77dde8"},
    {file = "lxml-4.5.0-cp35-cp35m-win32.whl", hash = "sha256:e4aa948eb15018a657702fee0b9db47e908491c64d36b4a90f59a64741516e77"},
    {file = "lxml-4.5.0-cp35-cp35m-win_amd64.whl", hash = "sha256:1f2c4ec372bf1c4a2c7e4bb20845e8bcf8050365189d86806bad1e3ae473d081"},
    {file = "lxml-4.5.0-cp36-cp36m-macosx_10_9_x86_64.whl", hash = "sha256:5d467ce9c5d35b3bcc7172c06320dddb275fea6ac2037f72f0a4d7472035cea9"},
    {file = "lxml-4.5.0-cp36-cp36m-manylinux1_i686.whl", hash = "sha256:95e67224815ef86924fbc2b71a9dbd1f7262384bca4bc4793645794ac4200717"},
    {file = "lxml-4.5.0-cp36-cp36m-manylinux1_x86_64.whl", hash = "sha256:ebec08091a22c2be870890913bdadd86fcd8e9f0f22bcb398abd3af914690c15"},
    {file = "lxml-4.5.0-cp36-cp36m-win32.whl", hash = "sha256:deadf4df349d1dcd7b2853a2c8796593cc346600726eff680ed8ed11812382a7"},
    {file = "lxml-4.5.0-cp36-cp36m-win_amd64.whl", hash = "sha256:f2b74784ed7e0bc2d02bd53e48ad6ba523c9b36c194260b7a5045071abbb1012"},
    {file = "lxml-4.5.0-cp37-cp37m-macosx_10_9_x86_64.whl", hash = "sha256:fa071559f14bd1e92077b1b5f6c22cf09756c6de7139370249eb372854ce51e6"},
    {file = "lxml-4.5.0-cp37-cp37m-manylinux1_i686.whl", hash = "sha256:edc15fcfd77395e24543be48871c251f38132bb834d9fdfdad756adb6ea37679"},
    {file = "lxml-4.5.0-cp37-cp37m-manylinux1_x86_64.whl", hash = "sha256:fd52e796fee7171c4361d441796b64df1acfceb51f29e545e812f16d023c4bbc"},
    {file = "lxml-4.5.0-cp37-cp37m-win32.whl", hash = "sha256:90ed0e36455a81b25b7034038e40880189169c308a3df360861ad74da7b68c1a"},
    {file = "lxml-4.5.0-cp37-cp37m-win_amd64.whl", hash = "sha256:df533af6f88080419c5a604d0d63b2c33b1c0c4409aba7d0cb6de305147ea8c8"},
    {file = "lxml-4.5.0-cp38-cp38-macosx_10_9_x86_64.whl", hash = "sha256:b4b2c63cc7963aedd08a5f5a454c9f67251b1ac9e22fd9d72836206c42dc2a72"},
    {file = "lxml-4.5.0-cp38-cp38-manylinux1_i686.whl", hash = "sha256:e5d842c73e4ef6ed8c1bd77806bf84a7cb535f9c0cf9b2c74d02ebda310070e1"},
    {file = "lxml-4.5.0-cp38-cp38-manylinux1_x86_64.whl", hash = "sha256:63dbc21efd7e822c11d5ddbedbbb08cd11a41e0032e382a0fd59b0b08e405a3a"},
    {file = "lxml-4.5.0-cp38-cp38-win32.whl", hash = "sha256:4235bc124fdcf611d02047d7034164897ade13046bda967768836629bc62784f"},
    {file = "lxml-4.5.0-cp38-cp38-win_amd64.whl", hash = "sha256:d5b3c4b7edd2e770375a01139be11307f04341ec709cf724e0f26ebb1eef12c3"},
    {file = "lxml-4.5.0.tar.gz", hash = "sha256:8620ce80f50d023d414183bf90cc2576c2837b88e00bea3f33ad2630133bbb60"},
]
mobi = [
    {file = "mobi-0.3.0-py3-none-any.whl", hash = "sha256:54425a9b7dba93b54386f580ec5540d8bf9069cb004828514bf2a3e41df46e14"},
    {file = "mobi-0.3.0.tar.gz", hash = "sha256:bc430a4580c14fa9ead5872854a3819bc3bb74d26851ed5acfaa118db97d3cbd"},
]
more-itertools = [
    {file = "more-itertools-8.3.0.tar.gz", hash = "sha256:558bb897a2232f5e4f8e2399089e35aecb746e1f9191b6584a151647e89267be"},
    {file = "more_itertools-8.3.0-py3-none-any.whl", hash = "sha256:7818f596b1e87be009031c7653d01acc46ed422e6656b394b0f765ce66ed4982"},
]
packaging = [
    {file = "packaging-20.4-py2.py3-none-any.whl", hash = "sha256:998416ba6962ae7fbd6596850b80e17859a5753ba17c32284f67bfff33784181"},
    {file = "packaging-20.4.tar.gz", hash = "sha256:4357f74f47b9c12db93624a82154e9b120fa8293699949152b22065d556079f8"},
]
pathspec = [
    {file = "pathspec-0.8.0-py2.py3-none-any.whl", hash = "sha256:7d91249d21749788d07a2d0f94147accd8f845507400749ea19c1ec9054a12b0"},
    {file = "pathspec-0.8.0.tar.gz", hash = "sha256:da45173eb3a6f2a5a487efba21f050af2b41948be6ab52b6a1e3ff22bb8b7061"},
]
pefile = [
    {file = "pefile-2019.4.18.tar.gz", hash = "sha256:a5d6e8305c6b210849b47a6174ddf9c452b2888340b8177874b862ba6c207645"},
]
pillow = [
    {file = "Pillow-6.2.2-cp27-cp27m-macosx_10_6_intel.whl", hash = "sha256:834dd023b7f987d6b700ad93dc818098d7eb046bd445e9992b3093c6f9d7a95f"},
    {file = "Pillow-6.2.2-cp27-cp27m-manylinux1_i686.whl", hash = "sha256:d3a98444a00b4643b22b0685dbf9e0ddcaf4ebfd4ea23f84f228adf5a0765bb2"},
    {file = "Pillow-6.2.2-cp27-cp27m-manylinux1_x86_64.whl", hash = "sha256:2b4a94be53dff02af90760c10a2e3634c3c7703410f38c98154d5ce71fe63d20"},
    {file = "Pillow-6.2.2-cp27-cp27m-win32.whl", hash = "sha256:87ef0eca169f7f0bc050b22f05c7e174a65c36d584428431e802c0165c5856ea"},
    {file = "Pillow-6.2.2-cp27-cp27m-win_amd64.whl", hash = "sha256:cbd5647097dc55e501f459dbac7f1d0402225636deeb9e0a98a8d2df649fc19d"},
    {file = "Pillow-6.2.2-cp27-cp27mu-manylinux1_i686.whl", hash = "sha256:4adc3302df4faf77c63ab3a83e1a3e34b94a6a992084f4aa1cb236d1deaf4b39"},
    {file = "Pillow-6.2.2-cp27-cp27mu-manylinux1_x86_64.whl", hash = "sha256:e3a797a079ce289e59dbd7eac9ca3bf682d52687f718686857281475b7ca8e6a"},
    {file = "Pillow-6.2.2-cp35-cp35m-macosx_10_6_intel.whl", hash = "sha256:bb7861e4618a0c06c40a2e509c1bea207eea5fd4320d486e314e00745a402ca5"},
    {file = "Pillow-6.2.2-cp35-cp35m-manylinux1_i686.whl", hash = "sha256:535e8e0e02c9f1fc2e307256149d6ee8ad3aa9a6e24144b7b6e6fb6126cb0e99"},
    {file = "Pillow-6.2.2-cp35-cp35m-manylinux1_x86_64.whl", hash = "sha256:bc149dab804291a18e1186536519e5e122a2ac1316cb80f506e855a500b1cdd4"},
    {file = "Pillow-6.2.2-cp35-cp35m-win32.whl", hash = "sha256:1a3bc8e1db5af40a81535a62a591fafdb30a8a1b319798ea8052aa65ef8f06d2"},
    {file = "Pillow-6.2.2-cp35-cp35m-win_amd64.whl", hash = "sha256:d6b4dc325170bee04ca8292bbd556c6f5398d52c6149ca881e67daf62215426f"},
    {file = "Pillow-6.2.2-cp36-cp36m-macosx_10_6_intel.whl", hash = "sha256:43ef1cff7ee57f9c8c8e6fa02a62eae9fa23a7e34418c7ce88c0e3fe09d1fb38"},
    {file = "Pillow-6.2.2-cp36-cp36m-manylinux1_i686.whl", hash = "sha256:900de1fdc93764be13f6b39dc0dd0207d9ff441d87ad7c6e97e49b81987dc0f3"},
    {file = "Pillow-6.2.2-cp36-cp36m-manylinux1_x86_64.whl", hash = "sha256:92b83b380f9181cacc994f4c983d95a9c8b00b50bf786c66d235716b526a3332"},
    {file = "Pillow-6.2.2-cp36-cp36m-win32.whl", hash = "sha256:00e0bbe9923adc5cc38a8da7d87d4ce16cde53b8d3bba8886cb928e84522d963"},
    {file = "Pillow-6.2.2-cp36-cp36m-win_amd64.whl", hash = "sha256:5ccfcb0a34ad9b77ad247c231edb781763198f405a5c8dc1b642449af821fb7f"},
    {file = "Pillow-6.2.2-cp37-cp37m-macosx_10_6_intel.whl", hash = "sha256:5dcbbaa3a24d091a64560d3c439a8962866a79a033d40eb1a75f1b3413bfc2bc"},
    {file = "Pillow-6.2.2-cp37-cp37m-manylinux1_i686.whl", hash = "sha256:6e2a7e74d1a626b817ecb7a28c433b471a395c010b2a1f511f976e9ea4363e64"},
    {file = "Pillow-6.2.2-cp37-cp37m-manylinux1_x86_64.whl", hash = "sha256:c424d35a5259be559b64490d0fd9e03fba81f1ce8e5b66e0a59de97547351d80"},
    {file = "Pillow-6.2.2-cp37-cp37m-win32.whl", hash = "sha256:aa4792ab056f51b49e7d59ce5733155e10a918baf8ce50f64405db23d5627fa2"},
    {file = "Pillow-6.2.2-cp37-cp37m-win_amd64.whl", hash = "sha256:0d5c99f80068f13231ac206bd9b2e80ea357f5cf9ae0fa97fab21e32d5b61065"},
    {file = "Pillow-6.2.2-cp38-cp38-macosx_10_9_x86_64.whl", hash = "sha256:03457e439d073770d88afdd90318382084732a5b98b0eb6f49454746dbaae701"},
    {file = "Pillow-6.2.2-cp38-cp38-manylinux1_i686.whl", hash = "sha256:ccf16fe444cc43800eeacd4f4769971200982200a71b1368f49410d0eb769543"},
    {file = "Pillow-6.2.2-cp38-cp38-manylinux1_x86_64.whl", hash = "sha256:b72c39585f1837d946bd1a829a4820ccf86e361f28cbf60f5d646f06318b61e2"},
    {file = "Pillow-6.2.2-cp38-cp38-win32.whl", hash = "sha256:3ba7d8f1d962780f86aa747fef0baf3211b80cb13310fff0c375da879c0656d4"},
    {file = "Pillow-6.2.2-cp38-cp38-win_amd64.whl", hash = "sha256:3e81485cec47c24f5fb27acb485a4fc97376b2b332ed633867dc68ac3077998c"},
    {file = "Pillow-6.2.2-pp273-pypy_73-win32.whl", hash = "sha256:aa1b0297e352007ec781a33f026afbb062a9a9895bb103c8f49af434b1666880"},
    {file = "Pillow-6.2.2-pp373-pypy36_pp73-win32.whl", hash = "sha256:82859575005408af81b3e9171ae326ff56a69af5439d3fc20e8cb76cd51c8246"},
    {file = "Pillow-6.2.2.tar.gz", hash = "sha256:db9ff0c251ed066d367f53b64827cc9e18ccea001b986d08c265e53625dab950"},
]
pluggy = [
    {file = "pluggy-0.13.1-py2.py3-none-any.whl", hash = "sha256:966c145cd83c96502c3c3868f50408687b38434af77734af1e9ca461a4081d2d"},
    {file = "pluggy-0.13.1.tar.gz", hash = "sha256:15b2acde666561e1298d71b523007ed7364de07029219b604cf808bfa1c765b0"},
]
py = [
    {file = "py-1.8.1-py2.py3-none-any.whl", hash = "sha256:c20fdd83a5dbc0af9efd622bee9a5564e278f6380fffcacc43ba6f43db2813b0"},
    {file = "py-1.8.1.tar.gz", hash = "sha256:5e27081401262157467ad6e7f851b7aa402c5852dbcb3dae06768434de5752aa"},
]
pyinstaller = [
    {file = "PyInstaller-3.6.tar.gz", hash = "sha256:3730fa80d088f8bb7084d32480eb87cbb4ddb64123363763cf8f2a1378c1c4b7"},
]
pyparsing = [
    {file = "pyparsing-2.4.7-py2.py3-none-any.whl", hash = "sha256:ef9d7589ef3c200abe66653d3f1ab1033c3c419ae9b9bdb1240a85b024efc88b"},
    {file = "pyparsing-2.4.7.tar.gz", hash = "sha256:c203ec8783bf771a155b207279b9bccb8dea02d8f0c9e5f8ead507bc3246ecc1"},
]
pytest = [
    {file = "pytest-5.4.2-py3-none-any.whl", hash = "sha256:95c710d0a72d91c13fae35dce195633c929c3792f54125919847fdcdf7caa0d3"},
    {file = "pytest-5.4.2.tar.gz", hash = "sha256:eb2b5e935f6a019317e455b6da83dd8650ac9ffd2ee73a7b657a30873d67a698"},
]
pytest-ordering = [
    {file = "pytest-ordering-0.6.tar.gz", hash = "sha256:561ad653626bb171da78e682f6d39ac33bb13b3e272d406cd555adb6b006bda6"},
    {file = "pytest_ordering-0.6-py2-none-any.whl", hash = "sha256:27fba3fc265f5d0f8597e7557885662c1bdc1969497cd58aff6ed21c3b617de2"},
    {file = "pytest_ordering-0.6-py3-none-any.whl", hash = "sha256:3f314a178dbeb6777509548727dc69edf22d6d9a2867bf2d310ab85c403380b6"},
]
pytube = [
    {file = "pytube-9.5.3-py3-none-any.whl", hash = "sha256:8ab0dc5e7443450361e2e6991c4df99ea37d109f42e6804933644821aa609b77"},
    {file = "pytube-9.5.3.tar.gz", hash = "sha256:b95c9b836e557d5df126397dff997b73fe1786c8cb0ad598bf1d49e4046d9141"},
]
pywin32-ctypes = [
    {file = "pywin32-ctypes-0.2.0.tar.gz", hash = "sha256:24ffc3b341d457d48e8922352130cf2644024a4ff09762a2261fd34c36ee5942"},
    {file = "pywin32_ctypes-0.2.0-py2.py3-none-any.whl", hash = "sha256:9dc2d991b3479cc2df15930958b674a48a227d5361d413827a4cfd0b5876fc98"},
]
regex = [
    {file = "regex-2020.5.14-cp27-cp27m-win32.whl", hash = "sha256:e565569fc28e3ba3e475ec344d87ed3cd8ba2d575335359749298a0899fe122e"},
    {file = "regex-2020.5.14-cp27-cp27m-win_amd64.whl", hash = "sha256:d466967ac8e45244b9dfe302bbe5e3337f8dc4dec8d7d10f5e950d83b140d33a"},
    {file = "regex-2020.5.14-cp36-cp36m-manylinux1_i686.whl", hash = "sha256:27ff7325b297fb6e5ebb70d10437592433601c423f5acf86e5bc1ee2919b9561"},
    {file = "regex-2020.5.14-cp36-cp36m-manylinux1_x86_64.whl", hash = "sha256:ea55b80eb0d1c3f1d8d784264a6764f931e172480a2f1868f2536444c5f01e01"},
    {file = "regex-2020.5.14-cp36-cp36m-manylinux2010_i686.whl", hash = "sha256:c9bce6e006fbe771a02bda468ec40ffccbf954803b470a0345ad39c603402577"},
    {file = "regex-2020.5.14-cp36-cp36m-manylinux2010_x86_64.whl", hash = "sha256:d881c2e657c51d89f02ae4c21d9adbef76b8325fe4d5cf0e9ad62f850f3a98fd"},
    {file = "regex-2020.5.14-cp36-cp36m-win32.whl", hash = "sha256:99568f00f7bf820c620f01721485cad230f3fb28f57d8fbf4a7967ec2e446994"},
    {file = "regex-2020.5.14-cp36-cp36m-win_amd64.whl", hash = "sha256:70c14743320a68c5dac7fc5a0f685be63bc2024b062fe2aaccc4acc3d01b14a1"},
    {file = "regex-2020.5.14-cp37-cp37m-manylinux1_i686.whl", hash = "sha256:a7c37f048ec3920783abab99f8f4036561a174f1314302ccfa4e9ad31cb00eb4"},
    {file = "regex-2020.5.14-cp37-cp37m-manylinux1_x86_64.whl", hash = "sha256:89d76ce33d3266173f5be80bd4efcbd5196cafc34100fdab814f9b228dee0fa4"},
    {file = "regex-2020.5.14-cp37-cp37m-manylinux2010_i686.whl", hash = "sha256:51f17abbe973c7673a61863516bdc9c0ef467407a940f39501e786a07406699c"},
    {file = "regex-2020.5.14-cp37-cp37m-manylinux2010_x86_64.whl", hash = "sha256:ce5cc53aa9fbbf6712e92c7cf268274eaff30f6bd12a0754e8133d85a8fb0f5f"},
    {file = "regex-2020.5.14-cp37-cp37m-win32.whl", hash = "sha256:8044d1c085d49673aadb3d7dc20ef5cb5b030c7a4fa253a593dda2eab3059929"},
    {file = "regex-2020.5.14-cp37-cp37m-win_amd64.whl", hash = "sha256:c2062c7d470751b648f1cacc3f54460aebfc261285f14bc6da49c6943bd48bdd"},
    {file = "regex-2020.5.14-cp38-cp38-manylinux1_i686.whl", hash = "sha256:329ba35d711e3428db6b45a53b1b13a0a8ba07cbbcf10bbed291a7da45f106c3"},
    {file = "regex-2020.5.14-cp38-cp38-manylinux1_x86_64.whl", hash = "sha256:579ea215c81d18da550b62ff97ee187b99f1b135fd894a13451e00986a080cad"},
    {file = "regex-2020.5.14-cp38-cp38-manylinux2010_i686.whl", hash = "sha256:3a9394197664e35566242686d84dfd264c07b20f93514e2e09d3c2b3ffdf78fe"},
    {file = "regex-2020.5.14-cp38-cp38-manylinux2010_x86_64.whl", hash = "sha256:ce367d21f33e23a84fb83a641b3834dd7dd8e9318ad8ff677fbfae5915a239f7"},
    {file = "regex-2020.5.14-cp38-cp38-win32.whl", hash = "sha256:1386e75c9d1574f6aa2e4eb5355374c8e55f9aac97e224a8a5a6abded0f9c927"},
    {file = "regex-2020.5.14-cp38-cp38-win_amd64.whl", hash = "sha256:7e61be8a2900897803c293247ef87366d5df86bf701083b6c43119c7c6c99108"},
    {file = "regex-2020.5.14.tar.gz", hash = "sha256:ce450ffbfec93821ab1fea94779a8440e10cf63819be6e176eb1973a6017aff5"},
]
requests = [
    {file = "requests-2.23.0-py2.py3-none-any.whl", hash = "sha256:43999036bfa82904b6af1d99e4882b560e5e2c68e5c4b0aa03b655f3d7d73fee"},
    {file = "requests-2.23.0.tar.gz", hash = "sha256:b3f43d496c6daba4493e7c431722aeb7dbc6288f52a6e04e7b6023b0247817e6"},
]
six = [
    {file = "six-1.14.0-py2.py3-none-any.whl", hash = "sha256:8f3cd2e254d8f793e7f3d6d9df77b92252b52637291d0f0da013c76ea2724b6c"},
    {file = "six-1.14.0.tar.gz", hash = "sha256:236bdbdce46e6e6a3d61a337c0f8b763ca1e8717c03b369e87a7ec7ce1319c0a"},
]
toml = [
    {file = "toml-0.10.1-py2.py3-none-any.whl", hash = "sha256:bda89d5935c2eac546d648028b9901107a595863cb36bae0c73ac804a9b4ce88"},
    {file = "toml-0.10.1.tar.gz", hash = "sha256:926b612be1e5ce0634a2ca03470f95169cf16f939018233a670519cb4ac58b0f"},
]
typed-ast = [
    {file = "typed_ast-1.4.1-cp35-cp35m-manylinux1_i686.whl", hash = "sha256:73d785a950fc82dd2a25897d525d003f6378d1cb23ab305578394694202a58c3"},
    {file = "typed_ast-1.4.1-cp35-cp35m-manylinux1_x86_64.whl", hash = "sha256:aaee9905aee35ba5905cfb3c62f3e83b3bec7b39413f0a7f19be4e547ea01ebb"},
    {file = "typed_ast-1.4.1-cp35-cp35m-win32.whl", hash = "sha256:0c2c07682d61a629b68433afb159376e24e5b2fd4641d35424e462169c0a7919"},
    {file = "typed_ast-1.4.1-cp35-cp35m-win_amd64.whl", hash = "sha256:4083861b0aa07990b619bd7ddc365eb7fa4b817e99cf5f8d9cf21a42780f6e01"},
    {file = "typed_ast-1.4.1-cp36-cp36m-macosx_10_9_x86_64.whl", hash = "sha256:269151951236b0f9a6f04015a9004084a5ab0d5f19b57de779f908621e7d8b75"},
    {file = "typed_ast-1.4.1-cp36-cp36m-manylinux1_i686.whl", hash = "sha256:24995c843eb0ad11a4527b026b4dde3da70e1f2d8806c99b7b4a7cf491612652"},
    {file = "typed_ast-1.4.1-cp36-cp36m-manylinux1_x86_64.whl", hash = "sha256:fe460b922ec15dd205595c9b5b99e2f056fd98ae8f9f56b888e7a17dc2b757e7"},
    {file = "typed_ast-1.4.1-cp36-cp36m-win32.whl", hash = "sha256:4e3e5da80ccbebfff202a67bf900d081906c358ccc3d5e3c8aea42fdfdfd51c1"},
    {file = "typed_ast-1.4.1-cp36-cp36m-win_amd64.whl", hash = "sha256:249862707802d40f7f29f6e1aad8d84b5aa9e44552d2cc17384b209f091276aa"},
    {file = "typed_ast-1.4.1-cp37-cp37m-macosx_10_9_x86_64.whl", hash = "sha256:8ce678dbaf790dbdb3eba24056d5364fb45944f33553dd5869b7580cdbb83614"},
    {file = "typed_ast-1.4.1-cp37-cp37m-manylinux1_i686.whl", hash = "sha256:c9e348e02e4d2b4a8b2eedb48210430658df6951fa484e59de33ff773fbd4b41"},
    {file = "typed_ast-1.4.1-cp37-cp37m-manylinux1_x86_64.whl", hash = "sha256:bcd3b13b56ea479b3650b82cabd6b5343a625b0ced5429e4ccad28a8973f301b"},
    {file = "typed_ast-1.4.1-cp37-cp37m-win32.whl", hash = "sha256:d5d33e9e7af3b34a40dc05f498939f0ebf187f07c385fd58d591c533ad8562fe"},
    {file = "typed_ast-1.4.1-cp37-cp37m-win_amd64.whl", hash = "sha256:0666aa36131496aed8f7be0410ff974562ab7eeac11ef351def9ea6fa28f6355"},
    {file = "typed_ast-1.4.1-cp38-cp38-macosx_10_15_x86_64.whl", hash = "sha256:d205b1b46085271b4e15f670058ce182bd1199e56b317bf2ec004b6a44f911f6"},
    {file = "typed_ast-1.4.1-cp38-cp38-manylinux1_i686.whl", hash = "sha256:6daac9731f172c2a22ade6ed0c00197ee7cc1221aa84cfdf9c31defeb059a907"},
    {file = "typed_ast-1.4.1-cp38-cp38-manylinux1_x86_64.whl", hash = "sha256:498b0f36cc7054c1fead3d7fc59d2150f4d5c6c56ba7fb150c013fbc683a8d2d"},
    {file = "typed_ast-1.4.1-cp38-cp38-win32.whl", hash = "sha256:715ff2f2df46121071622063fc7543d9b1fd19ebfc4f5c8895af64a77a8c852c"},
    {file = "typed_ast-1.4.1-cp38-cp38-win_amd64.whl", hash = "sha256:fc0fea399acb12edbf8a628ba8d2312f583bdbdb3335635db062fa98cf71fca4"},
    {file = "typed_ast-1.4.1-cp39-cp39-macosx_10_15_x86_64.whl", hash = "sha256:d43943ef777f9a1c42bf4e552ba23ac77a6351de620aa9acf64ad54933ad4d34"},
    {file = "typed_ast-1.4.1.tar.gz", hash = "sha256:8c8aaad94455178e3187ab22c8b01a3837f8ee50e09cf31f1ba129eb293ec30b"},
]
urllib3 = [
    {file = "urllib3-1.25.9-py2.py3-none-any.whl", hash = "sha256:88206b0eb87e6d677d424843ac5209e3fb9d0190d0ee169599165ec25e9d9115"},
    {file = "urllib3-1.25.9.tar.gz", hash = "sha256:3018294ebefce6572a474f0604c2021e33b3fd8006ecd11d62107a5d2a963527"},
]
wcwidth = [
    {file = "wcwidth-0.1.9-py2.py3-none-any.whl", hash = "sha256:cafe2186b3c009a04067022ce1dcd79cb38d8d65ee4f4791b8888d6599d1bbe1"},
    {file = "wcwidth-0.1.9.tar.gz", hash = "sha256:ee73862862a156bf77ff92b09034fc4825dd3af9cf81bc5b360668d425f3c5f1"},
]
win32-setctime = [
    {file = "win32_setctime-1.0.1-py3-none-any.whl", hash = "sha256:568fd636c68350bcc54755213fe01966fe0a6c90b386c0776425944a0382abef"},
    {file = "win32_setctime-1.0.1.tar.gz", hash = "sha256:b47e5023ec7f0b4962950902b15bc56464a380d869f59d27dbf9ab423b23e8f9"},
]
xxhash = [
    {file = "xxhash-1.4.3-cp27-cp27m-macosx_10_6_intel.whl", hash = "sha256:203ba0c2df5bd9a6990dd8521b0d5b03cf7bebac0790cc740c18e61f0aeccc89"},
    {file = "xxhash-1.4.3-cp27-cp27m-manylinux1_i686.whl", hash = "sha256:dd38149723aa982d43e09a05a20bd213097faf80245ea9975f84caf3bdb8d3c6"},
    {file = "xxhash-1.4.3-cp27-cp27m-manylinux1_x86_64.whl", hash = "sha256:9bbc63663b6ed704b051bfdc9f4ba45c97b38ef42786a41a49f55cdadcbe6085"},
    {file = "xxhash-1.4.3-cp27-cp27m-manylinux2010_i686.whl", hash = "sha256:54eb964b79bd2409872425b3bfd6c42755dd4586cd1fdbb2ffc1075327df9a14"},
    {file = "xxhash-1.4.3-cp27-cp27m-manylinux2010_x86_64.whl", hash = "sha256:507cb7dfd4eba033987b812333705b64ba484a0ac1cec3225dfb155935f80f4f"},
    {file = "xxhash-1.4.3-cp27-cp27m-win32.whl", hash = "sha256:e4e2b96fcc14be4477ee1d4d60c86efe70cd3326724de427c6915113e8f4cda3"},
    {file = "xxhash-1.4.3-cp27-cp27m-win_amd64.whl", hash = "sha256:749967f82721639404f5ef6d985d5a0971e12abc6a8f55bfd4b30bad89020d7e"},
    {file = "xxhash-1.4.3-cp27-cp27mu-manylinux1_i686.whl", hash = "sha256:d9cd8c83a0473cd16b91e598fc1497cc6c03430320598c16adf7468eeb146c76"},
    {file = "xxhash-1.4.3-cp27-cp27mu-manylinux1_x86_64.whl", hash = "sha256:54e005dbd92f220362556df74b3f6898d3a04a6ad734dd47f70849cab99d0702"},
    {file = "xxhash-1.4.3-cp27-cp27mu-manylinux2010_i686.whl", hash = "sha256:ddf0c922b832e59bb503ef5962e3aba55e63114d6deb46021c319b626cb4fad1"},
    {file = "xxhash-1.4.3-cp27-cp27mu-manylinux2010_x86_64.whl", hash = "sha256:a10712d0cbf7fff9def2ea194291bfcfc5891be11b2ce243bcbc3a3bc009f8e6"},
    {file = "xxhash-1.4.3-cp35-cp35m-macosx_10_6_intel.whl", hash = "sha256:1d6e4f9c1a8db495f256932c21a321388ac351503525503f587304fef24b60ff"},
    {file = "xxhash-1.4.3-cp35-cp35m-manylinux1_i686.whl", hash = "sha256:4afcdfe638f49f82a6f24373f85c811cafff32438fbdaedfd540bf1d44ff5b81"},
    {file = "xxhash-1.4.3-cp35-cp35m-manylinux1_x86_64.whl", hash = "sha256:217dfbbebeeb84523577410dbb5ae04b86aadec705f074006a329c039684d4f6"},
    {file = "xxhash-1.4.3-cp35-cp35m-manylinux2010_i686.whl", hash = "sha256:bf2ffb29906afa4c6b0520b68bf521ad15254e0e409e849250c209a3cac8c23f"},
    {file = "xxhash-1.4.3-cp35-cp35m-manylinux2010_x86_64.whl", hash = "sha256:100a97c2ea069f1f03107d1a6894094fa59fb17707bc779e0e127597cac956f9"},
    {file = "xxhash-1.4.3-cp35-cp35m-win32.whl", hash = "sha256:dd25dc975bda87983c0c4dbc65b0cf4724a0aed6d299485ce42051cbb20b7b0c"},
    {file = "xxhash-1.4.3-cp35-cp35m-win_amd64.whl", hash = "sha256:37531a8518683594ba05030065f5e8a0f27d49febfe7cd43ad605317677fd314"},
    {file = "xxhash-1.4.3-cp36-cp36m-macosx_10_6_intel.whl", hash = "sha256:06d3350a7586cf4938c5941c3744ab7f633204acb3c4c3d96f694fb0ee8d1bcc"},
    {file = "xxhash-1.4.3-cp36-cp36m-manylinux1_i686.whl", hash = "sha256:8c4c70bf607811a17ecbd91b7cea85b54064c3d950019e4d2d7e3d0ae4d0bef8"},
    {file = "xxhash-1.4.3-cp36-cp36m-manylinux1_x86_64.whl", hash = "sha256:d5a2c3922dea3ed2dab17e1748620f0edfa3748bf287f12df5ef997bbf7a0978"},
    {file = "xxhash-1.4.3-cp36-cp36m-manylinux2010_i686.whl", hash = "sha256:2f7930f70db5bc36415ac13d7b8f4605c50b03f03f13d482b0df110f2a6249e0"},
    {file = "xxhash-1.4.3-cp36-cp36m-manylinux2010_x86_64.whl", hash = "sha256:e8084f19e7e9cbb91ae8f8b9cd1a2a237cabeae7287e8996573527dec9d34089"},
    {file = "xxhash-1.4.3-cp36-cp36m-win32.whl", hash = "sha256:97d11269b08268fde1db033ff1cf1d165e6f9322a38b37a11fc96b5b20a83c5e"},
    {file = "xxhash-1.4.3-cp36-cp36m-win_amd64.whl", hash = "sha256:449f22427435e046430a0f6b72bd87acf6e414205e8038dd6c8bf91466438452"},
    {file = "xxhash-1.4.3-cp37-cp37m-macosx_10_6_intel.whl", hash = "sha256:511e59c0a07c05565ecd10184c9a1fccd1d8be31f37b21b733ab7d049510c825"},
    {file = "xxhash-1.4.3-cp37-cp37m-manylinux1_i686.whl", hash = "sha256:dad68b19e1a5c51bf72329b3f95e50465fd10f85e87bb104f435511ad0cddbf5"},
    {file = "xxhash-1.4.3-cp37-cp37m-manylinux1_x86_64.whl", hash = "sha256:2e17e1c9970b8cd6cf80eab92dd4b45b482d90b6b7b1d55d7904ff5858952408"},
    {file = "xxhash-1.4.3-cp37-cp37m-manylinux2010_i686.whl", hash = "sha256:f09f8c90494870b60df554196c3ff8531dfcf74ab1a69e7946079e8e73ab0881"},
    {file = "xxhash-1.4.3-cp37-cp37m-manylinux2010_x86_64.whl", hash = "sha256:cf4909947d9e9244ad38adec49291ddc8338157fef70df651bc8255168c07767"},
    {file = "xxhash-1.4.3-cp37-cp37m-win32.whl", hash = "sha256:555c923477a05d560ba1ec81de215c64a22cc2bc4c1d5c9f739523e6f3f3736d"},
    {file = "xxhash-1.4.3-cp37-cp37m-win_amd64.whl", hash = "sha256:86838d6fad9ec3719cb292f41d81c7f0115946be17acfc58e9aad252346baa56"},
    {file = "xxhash-1.4.3-cp38-cp38-macosx_10_9_x86_64.whl", hash = "sha256:7b656261429d752709d5025b3f2099c2ab383e18e7084fb6bd7534259f0b718d"},
    {file = "xxhash-1.4.3-cp38-cp38-manylinux1_i686.whl", hash = "sha256:bd006bf01fa7f267eab4ede198d828face8ba5457c47271adea1120947c7f0e1"},
    {file = "xxhash-1.4.3-cp38-cp38-manylinux1_x86_64.whl", hash = "sha256:431051a97c72f8b06b62e26a0f11364a67379825eb650850428611120d102c0c"},
    {file = "xxhash-1.4.3-cp38-cp38-manylinux2010_i686.whl", hash = "sha256:a98347a9985b27f814cf978400fe2dcecf155f986d60b1752176f964212d0880"},
    {file = "xxhash-1.4.3-cp38-cp38-manylinux2010_x86_64.whl", hash = "sha256:b2acce56c5b9fd8f8b0ac1c4f451c7b883f17c8e9a0e33a9ec5c280d4f7937f8"},
    {file = "xxhash-1.4.3-cp38-cp38-win32.whl", hash = "sha256:9fbd9ae4b51c8b4a49562983e5413e0b757601bafee59ee8c9cdfeb8b9cb07cf"},
    {file = "xxhash-1.4.3-cp38-cp38-win_amd64.whl", hash = "sha256:1cdd06fa8cd9a0238b6deed08ac21455d45cda7c92665356093f36bec1707a71"},
    {file = "xxhash-1.4.3.tar.gz", hash = "sha256:8b6b1afe7731d7d9cbb0398b4a811ebb5e6be5c174f72c68abf81f919a435de9"},
]
zipp = [
    {file = "zipp-3.1.0-py3-none-any.whl", hash = "sha256:aa36550ff0c0b7ef7fa639055d797116ee891440eac1a56f378e2d3179e0320b"},
    {file = "zipp-3.1.0.tar.gz", hash = "sha256:c599e4d75c98f6798c509911d08a22e6c021d074469042177c8c86fb92eefd96"},
]
